{
  "name": "axios-ntlm",
  "version": "1.2.0",
  "lockfileVersion": 2,
  "requires": true,
  "packages": {
    "": {
      "version": "1.1.8",
      "license": "MIT",
      "dependencies": {
        "axios": "^0.21.3"
      },
      "devDependencies": {
        "@types/node": "^14.14.22",
        "typescript": "^4.1.3"
      }
    },
    "node_modules/@types/node": {
      "version": "14.17.14",
      "resolved": "https://registry.npmjs.org/@types/node/-/node-14.17.14.tgz",
      "integrity": "sha512-rsAj2u8Xkqfc332iXV12SqIsjVi07H479bOP4q94NAcjzmAvapumEhuVIt53koEf7JFrpjgNKjBga5Pnn/GL8A==",
      "dev": true
    },
    "node_modules/axios": {
      "version": "0.21.3",
      "resolved": "https://registry.npmjs.org/axios/-/axios-0.21.3.tgz",
      "integrity": "sha512-JtoZ3Ndke/+Iwt5n+BgSli/3idTvpt5OjKyoCmz4LX5+lPiY5l7C1colYezhlxThjNa/NhngCUWZSZFypIFuaA==",
      "dependencies": {
        "follow-redirects": "^1.14.0"
      }
    },
    "node_modules/follow-redirects": {
      "version": "1.14.3",
      "resolved": "https://registry.npmjs.org/follow-redirects/-/follow-redirects-1.14.3.tgz",
      "integrity": "sha512-3MkHxknWMUtb23apkgz/83fDoe+y+qr0TdgacGIA7bew+QLBo3vdgEN2xEsuXNivpFy4CyDhBBZnNZOtalmenw==",
      "funding": [
        {
          "type": "individual",
          "url": "https://github.com/sponsors/RubenVerborgh"
        }
      ],
      "engines": {
        "node": ">=4.0"
      },
      "peerDependenciesMeta": {
        "debug": {
          "optional": true
        }
      }
    },
    "node_modules/typescript": {
      "version": "4.4.2",
      "resolved": "https://registry.npmjs.org/typescript/-/typescript-4.4.2.tgz",
      "integrity": "sha512-gzP+t5W4hdy4c+68bfcv0t400HVJMMd2+H9B7gae1nQlBzCqvrXX+6GL/b3GAgyTH966pzrZ70/fRjwAtZksSQ==",
      "dev": true,
      "bin": {
        "tsc": "bin/tsc",
        "tsserver": "bin/tsserver"
      },
      "engines": {
        "node": ">=4.2.0"
      }
    }
  },
  "dependencies": {
    "@types/node": {
      "version": "14.17.14",
      "resolved": "https://registry.npmjs.org/@types/node/-/node-14.17.14.tgz",
      "integrity": "sha512-rsAj2u8Xkqfc332iXV12SqIsjVi07H479bOP4q94NAcjzmAvapumEhuVIt53koEf7JFrpjgNKjBga5Pnn/GL8A==",
      "dev": true
    },
    "axios": {
      "version": "0.21.3",
      "resolved": "https://registry.npmjs.org/axios/-/axios-0.21.3.tgz",
      "integrity": "sha512-JtoZ3Ndke/+Iwt5n+BgSli/3idTvpt5OjKyoCmz4LX5+lPiY5l7C1colYezhlxThjNa/NhngCUWZSZFypIFuaA==",
      "requires": {
        "follow-redirects": "^1.14.0"
      }
    },
    "follow-redirects": {
      "version": "1.14.3",
      "resolved": "https://registry.npmjs.org/follow-redirects/-/follow-redirects-1.14.3.tgz",
      "integrity": "sha512-3MkHxknWMUtb23apkgz/83fDoe+y+qr0TdgacGIA7bew+QLBo3vdgEN2xEsuXNivpFy4CyDhBBZnNZOtalmenw=="
    },
    "typescript": {
      "version": "4.4.2",
      "resolved": "https://registry.npmjs.org/typescript/-/typescript-4.4.2.tgz",
      "integrity": "sha512-gzP+t5W4hdy4c+68bfcv0t400HVJMMd2+H9B7gae1nQlBzCqvrXX+6GL/b3GAgyTH966pzrZ70/fRjwAtZksSQ==",
      "dev": true
    }
  }
}
